{
  "name": "mini project",
  "lockfileVersion": 2,
  "requires": true,
  "packages": {
    "": {
      "dependencies": {
        "@angular/material": "^14.2.6",
        "angular-calendar": "^0.30.1",
        "angularx-flatpickr": "^7.0.0",
        "date-fns": "^2.29.3",
        "flatpickr": "^4.6.13",
        "material-icons": "^1.12.0"
      }
    },
    "node_modules/@angular/animations": {
      "version": "14.2.8",
      "resolved": "https://registry.npmjs.org/@angular/animations/-/animations-14.2.8.tgz",
      "integrity": "sha512-9YKmaebHW1F/N63TS1EboBQ5Gniq1ogWQ2XEypy057LfcnoPtVkRbAsl2pUJWbUjDZK9f2BpWfXXm9i5ZxIW3A==",
      "peer": true,
      "dependencies": {
        "tslib": "^2.3.0"
      },
      "engines": {
        "node": "^14.15.0 || >=16.10.0"
      },
      "peerDependencies": {
        "@angular/core": "14.2.8"
      }
    },
    "node_modules/@angular/cdk": {
      "version": "14.2.6",
      "resolved": "https://registry.npmjs.org/@angular/cdk/-/cdk-14.2.6.tgz",
      "integrity": "sha512-sihrwk/0emYbE2X+DOIlan7mohED9pKiH2gQh2hk3Ud8jjeW6VmbaGtTCkjs+HRbFc9/44uDHasizxrKnjseyw==",
      "peer": true,
      "dependencies": {
        "tslib": "^2.3.0"
      },
      "optionalDependencies": {
        "parse5": "^5.0.0"
      },
      "peerDependencies": {
        "@angular/common": "^14.0.0 || ^15.0.0",
        "@angular/core": "^14.0.0 || ^15.0.0",
        "rxjs": "^6.5.3 || ^7.4.0"
      }
    },
    "node_modules/@angular/common": {
      "version": "14.2.8",
      "resolved": "https://registry.npmjs.org/@angular/common/-/common-14.2.8.tgz",
      "integrity": "sha512-JSPN2h1EcyWjHWtOzRQmoX48ZacTjLAYwW9ZRmBpYs6Ptw5xZ39ARTJfQNcNnJleqYju2E6BNkGnLpbtWQjNDA==",
      "peer": true,
      "dependencies": {
        "tslib": "^2.3.0"
      },
      "engines": {
        "node": "^14.15.0 || >=16.10.0"
      },
      "peerDependencies": {
        "@angular/core": "14.2.8",
        "rxjs": "^6.5.3 || ^7.4.0"
      }
    },
    "node_modules/@angular/core": {
      "version": "14.2.8",
      "resolved": "https://registry.npmjs.org/@angular/core/-/core-14.2.8.tgz",
      "integrity": "sha512-cgnII9vJGJDLsfr7KsBfU2l+QQUmQIRIP3ImKhBxicw2IHKCSb2mYwoeLV46jaLyHyUMTLRHKUYUR4XtSPnb8A==",
      "peer": true,
      "dependencies": {
        "tslib": "^2.3.0"
      },
      "engines": {
        "node": "^14.15.0 || >=16.10.0"
      },
      "peerDependencies": {
        "rxjs": "^6.5.3 || ^7.4.0",
        "zone.js": "~0.11.4"
      }
    },
    "node_modules/@angular/forms": {
      "version": "14.2.8",
      "resolved": "https://registry.npmjs.org/@angular/forms/-/forms-14.2.8.tgz",
      "integrity": "sha512-OaL7Gi6STxJza7yn0qgmh6+hV6NVbtGmunpzrn9cR1k5TeE4ZtXu1z7VZesbZ9kZ3F6U9CmygFt0csf7j1d+Ow==",
      "peer": true,
      "dependencies": {
        "tslib": "^2.3.0"
      },
      "engines": {
        "node": "^14.15.0 || >=16.10.0"
      },
      "peerDependencies": {
        "@angular/common": "14.2.8",
        "@angular/core": "14.2.8",
        "@angular/platform-browser": "14.2.8",
        "rxjs": "^6.5.3 || ^7.4.0"
      }
    },
    "node_modules/@angular/material": {
      "version": "14.2.6",
      "resolved": "https://registry.npmjs.org/@angular/material/-/material-14.2.6.tgz",
      "integrity": "sha512-HykrjDdDoH03oJkV6REW4cx8mVku38LPAagnfJVtqaKsNxG2KtF+LkSlkumeL2cqacFGen/Pf3QV8hxo4FLWhQ==",
      "dependencies": {
        "tslib": "^2.3.0"
      },
      "peerDependencies": {
        "@angular/animations": "^14.0.0 || ^15.0.0",
        "@angular/cdk": "14.2.6",
        "@angular/common": "^14.0.0 || ^15.0.0",
        "@angular/core": "^14.0.0 || ^15.0.0",
        "@angular/forms": "^14.0.0 || ^15.0.0",
        "@angular/platform-browser": "^14.0.0 || ^15.0.0",
        "rxjs": "^6.5.3 || ^7.4.0"
      }
    },
    "node_modules/@angular/platform-browser": {
      "version": "14.2.8",
      "resolved": "https://registry.npmjs.org/@angular/platform-browser/-/platform-browser-14.2.8.tgz",
      "integrity": "sha512-tSASBLXoBE0/Gt6d2nC6BJ1DvbGY5wo2Lb+8WCLSvkfsgVqOh4uRuJ2a0wwjeLFd0ZNmpjG42Ijba4btmCpIjg==",
      "peer": true,
      "dependencies": {
        "tslib": "^2.3.0"
      },
      "engines": {
        "node": "^14.15.0 || >=16.10.0"
      },
      "peerDependencies": {
        "@angular/animations": "14.2.8",
        "@angular/common": "14.2.8",
        "@angular/core": "14.2.8"
      },
      "peerDependenciesMeta": {
        "@angular/animations": {
          "optional": true
        }
      }
    },
    "node_modules/@mattlewis92/dom-autoscroller": {
      "version": "2.4.2",
      "resolved": "https://registry.npmjs.org/@mattlewis92/dom-autoscroller/-/dom-autoscroller-2.4.2.tgz",
      "integrity": "sha512-YbrUWREPGEjE/FU6foXcAT1YbVwqD/jkYnY1dFb0o4AxtP3s4xKBthlELjndZih8uwsDWgQZx1eNskRNe2BgZQ=="
    },
    "node_modules/@scarf/scarf": {
      "version": "1.1.1",
      "resolved": "https://registry.npmjs.org/@scarf/scarf/-/scarf-1.1.1.tgz",
      "integrity": "sha512-VGbKDbk1RFIaSmdVb0cNjjWJoRWRI/Weo23AjRCC2nryO0iAS8pzsToJfPVPtVs74WHw4L1UTADNdIYRLkirZQ==",
      "hasInstallScript": true
    },
    "node_modules/angular-calendar": {
      "version": "0.30.1",
      "resolved": "https://registry.npmjs.org/angular-calendar/-/angular-calendar-0.30.1.tgz",
      "integrity": "sha512-QNDGmMzDH/Lx0WXya3mug+MYEpEAQHKlErB/ZpE5F1glChFmPuWCV4aLN6sqacMjZW1TybAJ/ES88B6LS7l8zw==",
      "dependencies": {
        "@scarf/scarf": "^1.1.1",
        "angular-draggable-droppable": "^7.0.0",
        "angular-resizable-element": "^6.0.0",
        "calendar-utils": "^0.10.1",
        "positioning": "^2.0.1",
        "tslib": "^2.4.0"
      },
      "funding": {
        "url": "https://github.com/sponsors/mattlewis92"
      },
      "peerDependencies": {
        "@angular/core": ">=14.0.0"
      }
    },
    "node_modules/angular-draggable-droppable": {
      "version": "7.0.0",
      "resolved": "https://registry.npmjs.org/angular-draggable-droppable/-/angular-draggable-droppable-7.0.0.tgz",
      "integrity": "sha512-XEtIx4hsByrwunKPHiqXRcqCPZlP2YF7ZXWgdoBIGiNVg0L/4xx8OcaKVeVsrOrKsN/t/IB4kJqeG45btUcSGA==",
      "dependencies": {
        "@mattlewis92/dom-autoscroller": "^2.4.2",
        "tslib": "^2.4.0"
      },
      "peerDependencies": {
        "@angular/core": ">=14.0.0"
      }
    },
    "node_modules/angular-resizable-element": {
      "version": "6.0.0",
      "resolved": "https://registry.npmjs.org/angular-resizable-element/-/angular-resizable-element-6.0.0.tgz",
      "integrity": "sha512-rZtL98JDiCg/sh4mPpcWOa64jGJvwkWHpc1abvvUckdQ/LAGF3QlwvWoaCGoYHGlcdrQFXUWCtSJgIrHxSATCg==",
      "dependencies": {
        "tslib": "^2.3.0"
      },
      "peerDependencies": {
        "@angular/core": ">=14.0.0"
      }
    },
    "node_modules/angularx-flatpickr": {
      "version": "7.0.0",
      "resolved": "https://registry.npmjs.org/angularx-flatpickr/-/angularx-flatpickr-7.0.0.tgz",
      "integrity": "sha512-XPU+Dxt9hsFf4yDS5CDp0Zikz5alxkvDFFj8fyToHn6b8aF7jJNzUZ05dnUKq5Gcit/G3yuW5mtcDNO2klY+xA==",
      "dependencies": {
        "tslib": "^2.3.0"
      },
      "peerDependencies": {
        "@angular/core": ">=5.0.0",
        "@angular/forms": ">=5.0.0",
        "flatpickr": "^4.5.0"
      }
    },
    "node_modules/calendar-utils": {
      "version": "0.10.4",
      "resolved": "https://registry.npmjs.org/calendar-utils/-/calendar-utils-0.10.4.tgz",
      "integrity": "sha512-gBK4xCJ42yjaUKwuUha6cZOfxAmGzvSgbdAaX3xLRioeKbYoOK1x1qeD6dch72rsMZlTgATPbBBx42bnkStqgQ=="
    },
    "node_modules/date-fns": {
      "version": "2.29.3",
      "resolved": "https://registry.npmjs.org/date-fns/-/date-fns-2.29.3.tgz",
      "integrity": "sha512-dDCnyH2WnnKusqvZZ6+jA1O51Ibt8ZMRNkDZdyAyK4YfbDwa/cEmuztzG5pk6hqlp9aSBPYcjOlktquahGwGeA==",
      "engines": {
        "node": ">=0.11"
      },
      "funding": {
        "type": "opencollective",
        "url": "https://opencollective.com/date-fns"
      }
    },
    "node_modules/flatpickr": {
      "version": "4.6.13",
      "resolved": "https://registry.npmjs.org/flatpickr/-/flatpickr-4.6.13.tgz",
      "integrity": "sha512-97PMG/aywoYpB4IvbvUJi0RQi8vearvU0oov1WW3k0WZPBMrTQVqekSX5CjSG/M4Q3i6A/0FKXC7RyAoAUUSPw=="
    },
    "node_modules/material-icons": {
      "version": "1.12.0",
      "resolved": "https://registry.npmjs.org/material-icons/-/material-icons-1.12.0.tgz",
      "integrity": "sha512-QwiZGoNlXrorOqLbFYECxuFxxG0UTivX39b+6gmgbgg+w5v+LtNUoOuz4zPM0EPWmAYbQxv4PAdSNN08Wj6/nA=="
    },
    "node_modules/parse5": {
      "version": "5.1.1",
      "resolved": "https://registry.npmjs.org/parse5/-/parse5-5.1.1.tgz",
      "integrity": "sha512-ugq4DFI0Ptb+WWjAdOK16+u/nHfiIrcE+sh8kZMaM0WllQKLI9rOUq6c2b7cwPkXdzfQESqvoqK6ug7U/Yyzug==",
      "optional": true,
      "peer": true
    },
    "node_modules/positioning": {
      "version": "2.0.1",
      "resolved": "https://registry.npmjs.org/positioning/-/positioning-2.0.1.tgz",
      "integrity": "sha512-DsAgM42kV/ObuwlRpAzDTjH9E8fGKkMDJHWFX+kfNXSxh7UCCQxEmdjv/Ws5Ft1XDnt3JT8fIDYeKNSE2TbttA=="
    },
    "node_modules/rxjs": {
      "version": "7.5.7",
      "resolved": "https://registry.npmjs.org/rxjs/-/rxjs-7.5.7.tgz",
      "integrity": "sha512-z9MzKh/UcOqB3i20H6rtrlaE/CgjLOvheWK/9ILrbhROGTweAi1BaFsTT9FbwZi5Trr1qNRs+MXkhmR06awzQA==",
      "peer": true,
      "dependencies": {
        "tslib": "^2.1.0"
      }
    },
    "node_modules/tslib": {
      "version": "2.4.1",
      "resolved": "https://registry.npmjs.org/tslib/-/tslib-2.4.1.tgz",
      "integrity": "sha512-tGyy4dAjRIEwI7BzsB0lynWgOpfqjUdq91XXAlIWD2OwKBH7oCl/GZG/HT4BOHrTlPMOASlMQ7veyTqpmRcrNA=="
    },
    "node_modules/zone.js": {
      "version": "0.11.8",
      "resolved": "https://registry.npmjs.org/zone.js/-/zone.js-0.11.8.tgz",
      "integrity": "sha512-82bctBg2hKcEJ21humWIkXRlLBBmrc3nN7DFh5LGGhcyycO2S7FN8NmdvlcKaGFDNVL4/9kFLmwmInTavdJERA==",
      "peer": true,
      "dependencies": {
        "tslib": "^2.3.0"
      }
    }
  },
  "dependencies": {
    "@angular/animations": {
      "version": "14.2.8",
      "resolved": "https://registry.npmjs.org/@angular/animations/-/animations-14.2.8.tgz",
      "integrity": "sha512-9YKmaebHW1F/N63TS1EboBQ5Gniq1ogWQ2XEypy057LfcnoPtVkRbAsl2pUJWbUjDZK9f2BpWfXXm9i5ZxIW3A==",
      "peer": true,
      "requires": {
        "tslib": "^2.3.0"
      }
    },
    "@angular/cdk": {
      "version": "14.2.6",
      "resolved": "https://registry.npmjs.org/@angular/cdk/-/cdk-14.2.6.tgz",
      "integrity": "sha512-sihrwk/0emYbE2X+DOIlan7mohED9pKiH2gQh2hk3Ud8jjeW6VmbaGtTCkjs+HRbFc9/44uDHasizxrKnjseyw==",
      "peer": true,
      "requires": {
        "parse5": "^5.0.0",
        "tslib": "^2.3.0"
      }
    },
    "@angular/common": {
      "version": "14.2.8",
      "resolved": "https://registry.npmjs.org/@angular/common/-/common-14.2.8.tgz",
      "integrity": "sha512-JSPN2h1EcyWjHWtOzRQmoX48ZacTjLAYwW9ZRmBpYs6Ptw5xZ39ARTJfQNcNnJleqYju2E6BNkGnLpbtWQjNDA==",
      "peer": true,
      "requires": {
        "tslib": "^2.3.0"
      }
    },
    "@angular/core": {
      "version": "14.2.8",
      "resolved": "https://registry.npmjs.org/@angular/core/-/core-14.2.8.tgz",
      "integrity": "sha512-cgnII9vJGJDLsfr7KsBfU2l+QQUmQIRIP3ImKhBxicw2IHKCSb2mYwoeLV46jaLyHyUMTLRHKUYUR4XtSPnb8A==",
      "peer": true,
      "requires": {
        "tslib": "^2.3.0"
      }
    },
    "@angular/forms": {
      "version": "14.2.8",
      "resolved": "https://registry.npmjs.org/@angular/forms/-/forms-14.2.8.tgz",
      "integrity": "sha512-OaL7Gi6STxJza7yn0qgmh6+hV6NVbtGmunpzrn9cR1k5TeE4ZtXu1z7VZesbZ9kZ3F6U9CmygFt0csf7j1d+Ow==",
      "peer": true,
      "requires": {
        "tslib": "^2.3.0"
      }
    },
    "@angular/material": {
      "version": "14.2.6",
      "resolved": "https://registry.npmjs.org/@angular/material/-/material-14.2.6.tgz",
      "integrity": "sha512-HykrjDdDoH03oJkV6REW4cx8mVku38LPAagnfJVtqaKsNxG2KtF+LkSlkumeL2cqacFGen/Pf3QV8hxo4FLWhQ==",
      "requires": {
        "tslib": "^2.3.0"
      }
    },
    "@angular/platform-browser": {
      "version": "14.2.8",
      "resolved": "https://registry.npmjs.org/@angular/platform-browser/-/platform-browser-14.2.8.tgz",
      "integrity": "sha512-tSASBLXoBE0/Gt6d2nC6BJ1DvbGY5wo2Lb+8WCLSvkfsgVqOh4uRuJ2a0wwjeLFd0ZNmpjG42Ijba4btmCpIjg==",
      "peer": true,
      "requires": {
        "tslib": "^2.3.0"
      }
    },
    "@mattlewis92/dom-autoscroller": {
      "version": "2.4.2",
      "resolved": "https://registry.npmjs.org/@mattlewis92/dom-autoscroller/-/dom-autoscroller-2.4.2.tgz",
      "integrity": "sha512-YbrUWREPGEjE/FU6foXcAT1YbVwqD/jkYnY1dFb0o4AxtP3s4xKBthlELjndZih8uwsDWgQZx1eNskRNe2BgZQ=="
    },
    "@scarf/scarf": {
      "version": "1.1.1",
      "resolved": "https://registry.npmjs.org/@scarf/scarf/-/scarf-1.1.1.tgz",
      "integrity": "sha512-VGbKDbk1RFIaSmdVb0cNjjWJoRWRI/Weo23AjRCC2nryO0iAS8pzsToJfPVPtVs74WHw4L1UTADNdIYRLkirZQ=="
    },
    "angular-calendar": {
      "version": "0.30.1",
      "resolved": "https://registry.npmjs.org/angular-calendar/-/angular-calendar-0.30.1.tgz",
      "integrity": "sha512-QNDGmMzDH/Lx0WXya3mug+MYEpEAQHKlErB/ZpE5F1glChFmPuWCV4aLN6sqacMjZW1TybAJ/ES88B6LS7l8zw==",
      "requires": {
        "@scarf/scarf": "^1.1.1",
        "angular-draggable-droppable": "^7.0.0",
        "angular-resizable-element": "^6.0.0",
        "calendar-utils": "^0.10.1",
        "positioning": "^2.0.1",
        "tslib": "^2.4.0"
      }
    },
    "angular-draggable-droppable": {
      "version": "7.0.0",
      "resolved": "https://registry.npmjs.org/angular-draggable-droppable/-/angular-draggable-droppable-7.0.0.tgz",
      "integrity": "sha512-XEtIx4hsByrwunKPHiqXRcqCPZlP2YF7ZXWgdoBIGiNVg0L/4xx8OcaKVeVsrOrKsN/t/IB4kJqeG45btUcSGA==",
      "requires": {
        "@mattlewis92/dom-autoscroller": "^2.4.2",
        "tslib": "^2.4.0"
      }
    },
    "angular-resizable-element": {
      "version": "6.0.0",
      "resolved": "https://registry.npmjs.org/angular-resizable-element/-/angular-resizable-element-6.0.0.tgz",
      "integrity": "sha512-rZtL98JDiCg/sh4mPpcWOa64jGJvwkWHpc1abvvUckdQ/LAGF3QlwvWoaCGoYHGlcdrQFXUWCtSJgIrHxSATCg==",
      "requires": {
        "tslib": "^2.3.0"
      }
    },
    "angularx-flatpickr": {
      "version": "7.0.0",
      "resolved": "https://registry.npmjs.org/angularx-flatpickr/-/angularx-flatpickr-7.0.0.tgz",
      "integrity": "sha512-XPU+Dxt9hsFf4yDS5CDp0Zikz5alxkvDFFj8fyToHn6b8aF7jJNzUZ05dnUKq5Gcit/G3yuW5mtcDNO2klY+xA==",
      "requires": {
        "tslib": "^2.3.0"
      }
    },
    "calendar-utils": {
      "version": "0.10.4",
      "resolved": "https://registry.npmjs.org/calendar-utils/-/calendar-utils-0.10.4.tgz",
      "integrity": "sha512-gBK4xCJ42yjaUKwuUha6cZOfxAmGzvSgbdAaX3xLRioeKbYoOK1x1qeD6dch72rsMZlTgATPbBBx42bnkStqgQ=="
    },
    "date-fns": {
      "version": "2.29.3",
      "resolved": "https://registry.npmjs.org/date-fns/-/date-fns-2.29.3.tgz",
      "integrity": "sha512-dDCnyH2WnnKusqvZZ6+jA1O51Ibt8ZMRNkDZdyAyK4YfbDwa/cEmuztzG5pk6hqlp9aSBPYcjOlktquahGwGeA=="
    },
    "flatpickr": {
      "version": "4.6.13",
      "resolved": "https://registry.npmjs.org/flatpickr/-/flatpickr-4.6.13.tgz",
      "integrity": "sha512-97PMG/aywoYpB4IvbvUJi0RQi8vearvU0oov1WW3k0WZPBMrTQVqekSX5CjSG/M4Q3i6A/0FKXC7RyAoAUUSPw=="
    },
    "material-icons": {
      "version": "1.12.0",
      "resolved": "https://registry.npmjs.org/material-icons/-/material-icons-1.12.0.tgz",
      "integrity": "sha512-QwiZGoNlXrorOqLbFYECxuFxxG0UTivX39b+6gmgbgg+w5v+LtNUoOuz4zPM0EPWmAYbQxv4PAdSNN08Wj6/nA=="
    },
    "parse5": {
      "version": "5.1.1",
      "resolved": "https://registry.npmjs.org/parse5/-/parse5-5.1.1.tgz",
      "integrity": "sha512-ugq4DFI0Ptb+WWjAdOK16+u/nHfiIrcE+sh8kZMaM0WllQKLI9rOUq6c2b7cwPkXdzfQESqvoqK6ug7U/Yyzug==",
      "optional": true,
      "peer": true
    },
    "positioning": {
      "version": "2.0.1",
      "resolved": "https://registry.npmjs.org/positioning/-/positioning-2.0.1.tgz",
      "integrity": "sha512-DsAgM42kV/ObuwlRpAzDTjH9E8fGKkMDJHWFX+kfNXSxh7UCCQxEmdjv/Ws5Ft1XDnt3JT8fIDYeKNSE2TbttA=="
    },
    "rxjs": {
      "version": "7.5.7",
      "resolved": "https://registry.npmjs.org/rxjs/-/rxjs-7.5.7.tgz",
      "integrity": "sha512-z9MzKh/UcOqB3i20H6rtrlaE/CgjLOvheWK/9ILrbhROGTweAi1BaFsTT9FbwZi5Trr1qNRs+MXkhmR06awzQA==",
      "peer": true,
      "requires": {
        "tslib": "^2.1.0"
      }
    },
    "tslib": {
      "version": "2.4.1",
      "resolved": "https://registry.npmjs.org/tslib/-/tslib-2.4.1.tgz",
      "integrity": "sha512-tGyy4dAjRIEwI7BzsB0lynWgOpfqjUdq91XXAlIWD2OwKBH7oCl/GZG/HT4BOHrTlPMOASlMQ7veyTqpmRcrNA=="
    },
    "zone.js": {
      "version": "0.11.8",
      "resolved": "https://registry.npmjs.org/zone.js/-/zone.js-0.11.8.tgz",
      "integrity": "sha512-82bctBg2hKcEJ21humWIkXRlLBBmrc3nN7DFh5LGGhcyycO2S7FN8NmdvlcKaGFDNVL4/9kFLmwmInTavdJERA==",
      "peer": true,
      "requires": {
        "tslib": "^2.3.0"
      }
    }
  }
}
